
Microsoft Visual Studio Solution File, Format Version 12.00
# Visual Studio 15
VisualStudioVersion = 15.0.27428.2005
MinimumVisualStudioVersion = 10.0.40219.1
Project("{9092AA53-FB77-4645-B42D-1CCCA6BD08BD}") = "regio_test", "regio_test\regio_test.njsproj", "{7EA19044-9F98-4F1E-AD80-811463A493F8}"
EndProject
Global
	GlobalSection(SolutionConfigurationPlatforms) = preSolution
		Debug|Any CPU = Debug|Any CPU
		Release|Any CPU = Release|Any CPU
	EndGlobalSection
	GlobalSection(ProjectConfigurationPlatforms) = postSolution
		{7EA19044-9F98-4F1E-AD80-811463A493F8}.Debug|Any CPU.ActiveCfg = Debug|Any CPU
		{7EA19044-9F98-4F1E-AD80-811463A493F8}.Debug|Any CPU.Build.0 = Debug|Any CPU
		{7EA19044-9F98-4F1E-AD80-811463A493F8}.Release|Any CPU.ActiveCfg = Release|Any CPU
		{7EA19044-9F98-4F1E-AD80-811463A493F8}.Release|Any CPU.Build.0 = Release|Any CPU
	EndGlobalSection
	GlobalSection(SolutionProperties) = preSolution
		HideSolutionNode = FALSE
	EndGlobalSection
	GlobalSection(ExtensibilityGlobals) = postSolution
		SolutionGuid = {E1E73802-A386-49EB-AAF1-B8D9F5E55A7C}
	EndGlobalSection
EndGlobal
